
Microsoft Visual Studio Solution File, Format Version 12.00
# Visual Studio Version 17
VisualStudioVersion = 17.4.33205.214
MinimumVisualStudioVersion = 10.0.40219.1
Project("{FAE04EC0-301F-11D3-BF4B-00C04F79EFBC}") = "NET_teltonika_uzduotis", "NET_teltonika_uzduotis\NET_teltonika_uzduotis.csproj", "{AAC12F1A-60DD-483A-AFA1-AC87E9CAB343}"
EndProject
Global
	GlobalSection(SolutionConfigurationPlatforms) = preSolution
		Debug|Any CPU = Debug|Any CPU
		Release|Any CPU = Release|Any CPU
	EndGlobalSection
	GlobalSection(ProjectConfigurationPlatforms) = postSolution
		{AAC12F1A-60DD-483A-AFA1-AC87E9CAB343}.Debug|Any CPU.ActiveCfg = Debug|Any CPU
		{AAC12F1A-60DD-483A-AFA1-AC87E9CAB343}.Debug|Any CPU.Build.0 = Debug|Any CPU
		{AAC12F1A-60DD-483A-AFA1-AC87E9CAB343}.Release|Any CPU.ActiveCfg = Release|Any CPU
		{AAC12F1A-60DD-483A-AFA1-AC87E9CAB343}.Release|Any CPU.Build.0 = Release|Any CPU
	EndGlobalSection
	GlobalSection(SolutionProperties) = preSolution
		HideSolutionNode = FALSE
	EndGlobalSection
	GlobalSection(ExtensibilityGlobals) = postSolution
		SolutionGuid = {F73BAD3E-2901-48A3-B0FE-EB892434DCB4}
	EndGlobalSection
EndGlobal
